{
  "name": "use-pkg",
  "version": "1.0.0",
  "lockfileVersion": 1,
  "requires": true,
  "dependencies": {
    "@ppkun/babel": {
      "version": "1.0.0",
      "resolved": "https://registry.npmjs.org/@ppkun/babel/-/babel-1.0.0.tgz",
      "integrity": "sha512-UnyDtw6ssx5boD9Q6CU7HRCg1xGuqlqAZHDUXJwTLvWrx++SpTQTRwJ8brtJYb9cKjfG/FT4aYP5RcZyzc9aFQ=="
    },
    "ppkun-test-pkg": {
      "version": "1.1.0",
      "resolved": "https://registry.npmjs.org/ppkun-test-pkg/-/ppkun-test-pkg-1.1.0.tgz",
      "integrity": "sha512-be2uDRmvmKw0Er8hNQzKt9tA0SYMPsITuWmVJTCXJexQfiaXjl3HoSAC/LmPkmyJQP6xAIz2SXtSeAXWGaKoaw=="
    }
  }
}
